
Microsoft Visual Studio Solution File, Format Version 12.00
# Visual Studio Version 16
VisualStudioVersion = 16.0.30523.141
MinimumVisualStudioVersion = 10.0.40219.1
Project("{FAE04EC0-301F-11D3-BF4B-00C04F79EFBC}") = "MVVMDemo", "MVVMDemo\MVVMDemo.csproj", "{900B8309-EC76-4D73-B96D-70A49EE656F3}"
EndProject
Project("{FAE04EC0-301F-11D3-BF4B-00C04F79EFBC}") = "DBServices", "DBServices\DBServices.csproj", "{877CCBA3-9359-4CC5-952D-C01AD5E61065}"
EndProject
Project("{FAE04EC0-301F-11D3-BF4B-00C04F79EFBC}") = "VisitorApp", "VisitorApp\VisitorApp.csproj", "{F563156B-F864-4DA2-9FB6-BDF0C047BEE5}"
EndProject
Global
	GlobalSection(SolutionConfigurationPlatforms) = preSolution
		Debug|Any CPU = Debug|Any CPU
		Release|Any CPU = Release|Any CPU
	EndGlobalSection
	GlobalSection(ProjectConfigurationPlatforms) = postSolution
		{900B8309-EC76-4D73-B96D-70A49EE656F3}.Debug|Any CPU.ActiveCfg = Debug|Any CPU
		{900B8309-EC76-4D73-B96D-70A49EE656F3}.Debug|Any CPU.Build.0 = Debug|Any CPU
		{900B8309-EC76-4D73-B96D-70A49EE656F3}.Release|Any CPU.ActiveCfg = Release|Any CPU
		{900B8309-EC76-4D73-B96D-70A49EE656F3}.Release|Any CPU.Build.0 = Release|Any CPU
		{877CCBA3-9359-4CC5-952D-C01AD5E61065}.Debug|Any CPU.ActiveCfg = Debug|Any CPU
		{877CCBA3-9359-4CC5-952D-C01AD5E61065}.Debug|Any CPU.Build.0 = Debug|Any CPU
		{877CCBA3-9359-4CC5-952D-C01AD5E61065}.Release|Any CPU.ActiveCfg = Release|Any CPU
		{877CCBA3-9359-4CC5-952D-C01AD5E61065}.Release|Any CPU.Build.0 = Release|Any CPU
		{F563156B-F864-4DA2-9FB6-BDF0C047BEE5}.Debug|Any CPU.ActiveCfg = Debug|Any CPU
		{F563156B-F864-4DA2-9FB6-BDF0C047BEE5}.Debug|Any CPU.Build.0 = Debug|Any CPU
		{F563156B-F864-4DA2-9FB6-BDF0C047BEE5}.Release|Any CPU.ActiveCfg = Release|Any CPU
		{F563156B-F864-4DA2-9FB6-BDF0C047BEE5}.Release|Any CPU.Build.0 = Release|Any CPU
	EndGlobalSection
	GlobalSection(SolutionProperties) = preSolution
		HideSolutionNode = FALSE
	EndGlobalSection
	GlobalSection(ExtensibilityGlobals) = postSolution
		SolutionGuid = {DDA4A8C9-5F3E-4A21-8348-1E66185E859C}
	EndGlobalSection
EndGlobal
